
Microsoft Visual Studio Solution File, Format Version 12.00
# Visual Studio Version 17
VisualStudioVersion = 17.5.2.0
MinimumVisualStudioVersion = 10.0.40219.1
Project("{FAE04EC0-301F-11D3-BF4B-00C04F79EFBC}") = "lista2d", "lista2d\lista2d.csproj", "{AC418759-1651-4202-9D57-69D9539F8A04}"
EndProject
Project("{FAE04EC0-301F-11D3-BF4B-00C04F79EFBC}") = "Lista3d", "Lista3d\Lista3d.csproj", "{0B0A79F2-0716-4677-A176-E8DCB5041ED2}"
EndProject
Project("{2150E333-8FDC-42A3-9474-1A3956D46DE8}") = "lista1d", "lista1d", "{00EC6650-B04E-3BF0-7B46-ADD3FA2830F1}"
EndProject
Project("{FAE04EC0-301F-11D3-BF4B-00C04F79EFBC}") = "MiProyecto", "lista1d\MiProyecto.csproj", "{5E3A5F5A-6AF6-47C5-8A8F-368C62B50C7A}"
EndProject
Project("{FAE04EC0-301F-11D3-BF4B-00C04F79EFBC}") = "pilaDinamica", "pilaDinamica\pilaDinamica.csproj", "{0DE960AA-316F-4756-928D-34153FD55CC6}"
EndProject
Project("{FAE04EC0-301F-11D3-BF4B-00C04F79EFBC}") = "pilaEstatica", "pilaEstatica\pilaEstatica.csproj", "{CF3762D6-C680-4656-8881-16D32A264442}"
EndProject
Project("{FAE04EC0-301F-11D3-BF4B-00C04F79EFBC}") = "colaDinamica", "colaDinamica\colaDinamica.csproj", "{D5C0B3AA-2AD7-477B-AF82-473DF615B84F}"
EndProject
Project("{FAE04EC0-301F-11D3-BF4B-00C04F79EFBC}") = "colaEstatica", "colaEstatica\colaEstatica.csproj", "{00953EB5-4381-479A-8C96-4F3277AD1A1E}"
EndProject
Project("{FAE04EC0-301F-11D3-BF4B-00C04F79EFBC}") = "GrafoEstatico", "GrafoEstatico\GrafoEstatico.csproj", "{E1ECC0A2-F385-454A-88FA-93A31C2FD549}"
EndProject
Project("{FAE04EC0-301F-11D3-BF4B-00C04F79EFBC}") = "GrafoDinamico", "GrafoDinamico\GrafoDinamico.csproj", "{D5CDC51C-FEE8-43B5-9F0D-F315E97DF021}"
EndProject
Project("{FAE04EC0-301F-11D3-BF4B-00C04F79EFBC}") = "GrafoDinamico2", "GrafoDinamico2\GrafoDinamico2.csproj", "{345D57E0-4786-4E71-98FF-CFEA268EF801}"
EndProject
Project("{FAE04EC0-301F-11D3-BF4B-00C04F79EFBC}") = "GrafoDFS", "GrafoDFS\GrafoDFS.csproj", "{BE9C6D64-3FCF-4DD1-97A9-C415EE749A92}"
EndProject
Global
	GlobalSection(SolutionConfigurationPlatforms) = preSolution
		Debug|Any CPU = Debug|Any CPU
		Debug|x64 = Debug|x64
		Debug|x86 = Debug|x86
		Release|Any CPU = Release|Any CPU
		Release|x64 = Release|x64
		Release|x86 = Release|x86
	EndGlobalSection
	GlobalSection(ProjectConfigurationPlatforms) = postSolution
		{AC418759-1651-4202-9D57-69D9539F8A04}.Debug|Any CPU.ActiveCfg = Debug|Any CPU
		{AC418759-1651-4202-9D57-69D9539F8A04}.Debug|Any CPU.Build.0 = Debug|Any CPU
		{AC418759-1651-4202-9D57-69D9539F8A04}.Debug|x64.ActiveCfg = Debug|Any CPU
		{AC418759-1651-4202-9D57-69D9539F8A04}.Debug|x64.Build.0 = Debug|Any CPU
		{AC418759-1651-4202-9D57-69D9539F8A04}.Debug|x86.ActiveCfg = Debug|Any CPU
		{AC418759-1651-4202-9D57-69D9539F8A04}.Debug|x86.Build.0 = Debug|Any CPU
		{AC418759-1651-4202-9D57-69D9539F8A04}.Release|Any CPU.ActiveCfg = Release|Any CPU
		{AC418759-1651-4202-9D57-69D9539F8A04}.Release|Any CPU.Build.0 = Release|Any CPU
		{AC418759-1651-4202-9D57-69D9539F8A04}.Release|x64.ActiveCfg = Release|Any CPU
		{AC418759-1651-4202-9D57-69D9539F8A04}.Release|x64.Build.0 = Release|Any CPU
		{AC418759-1651-4202-9D57-69D9539F8A04}.Release|x86.ActiveCfg = Release|Any CPU
		{AC418759-1651-4202-9D57-69D9539F8A04}.Release|x86.Build.0 = Release|Any CPU
		{0B0A79F2-0716-4677-A176-E8DCB5041ED2}.Debug|Any CPU.ActiveCfg = Debug|Any CPU
		{0B0A79F2-0716-4677-A176-E8DCB5041ED2}.Debug|Any CPU.Build.0 = Debug|Any CPU
		{0B0A79F2-0716-4677-A176-E8DCB5041ED2}.Debug|x64.ActiveCfg = Debug|Any CPU
		{0B0A79F2-0716-4677-A176-E8DCB5041ED2}.Debug|x64.Build.0 = Debug|Any CPU
		{0B0A79F2-0716-4677-A176-E8DCB5041ED2}.Debug|x86.ActiveCfg = Debug|Any CPU
		{0B0A79F2-0716-4677-A176-E8DCB5041ED2}.Debug|x86.Build.0 = Debug|Any CPU
		{0B0A79F2-0716-4677-A176-E8DCB5041ED2}.Release|Any CPU.ActiveCfg = Release|Any CPU
		{0B0A79F2-0716-4677-A176-E8DCB5041ED2}.Release|Any CPU.Build.0 = Release|Any CPU
		{0B0A79F2-0716-4677-A176-E8DCB5041ED2}.Release|x64.ActiveCfg = Release|Any CPU
		{0B0A79F2-0716-4677-A176-E8DCB5041ED2}.Release|x64.Build.0 = Release|Any CPU
		{0B0A79F2-0716-4677-A176-E8DCB5041ED2}.Release|x86.ActiveCfg = Release|Any CPU
		{0B0A79F2-0716-4677-A176-E8DCB5041ED2}.Release|x86.Build.0 = Release|Any CPU
		{5E3A5F5A-6AF6-47C5-8A8F-368C62B50C7A}.Debug|Any CPU.ActiveCfg = Debug|Any CPU
		{5E3A5F5A-6AF6-47C5-8A8F-368C62B50C7A}.Debug|Any CPU.Build.0 = Debug|Any CPU
		{5E3A5F5A-6AF6-47C5-8A8F-368C62B50C7A}.Debug|x64.ActiveCfg = Debug|Any CPU
		{5E3A5F5A-6AF6-47C5-8A8F-368C62B50C7A}.Debug|x64.Build.0 = Debug|Any CPU
		{5E3A5F5A-6AF6-47C5-8A8F-368C62B50C7A}.Debug|x86.ActiveCfg = Debug|Any CPU
		{5E3A5F5A-6AF6-47C5-8A8F-368C62B50C7A}.Debug|x86.Build.0 = Debug|Any CPU
		{5E3A5F5A-6AF6-47C5-8A8F-368C62B50C7A}.Release|Any CPU.ActiveCfg = Release|Any CPU
		{5E3A5F5A-6AF6-47C5-8A8F-368C62B50C7A}.Release|Any CPU.Build.0 = Release|Any CPU
		{5E3A5F5A-6AF6-47C5-8A8F-368C62B50C7A}.Release|x64.ActiveCfg = Release|Any CPU
		{5E3A5F5A-6AF6-47C5-8A8F-368C62B50C7A}.Release|x64.Build.0 = Release|Any CPU
		{5E3A5F5A-6AF6-47C5-8A8F-368C62B50C7A}.Release|x86.ActiveCfg = Release|Any CPU
		{5E3A5F5A-6AF6-47C5-8A8F-368C62B50C7A}.Release|x86.Build.0 = Release|Any CPU
		{0DE960AA-316F-4756-928D-34153FD55CC6}.Debug|Any CPU.ActiveCfg = Debug|Any CPU
		{0DE960AA-316F-4756-928D-34153FD55CC6}.Debug|Any CPU.Build.0 = Debug|Any CPU
		{0DE960AA-316F-4756-928D-34153FD55CC6}.Debug|x64.ActiveCfg = Debug|Any CPU
		{0DE960AA-316F-4756-928D-34153FD55CC6}.Debug|x64.Build.0 = Debug|Any CPU
		{0DE960AA-316F-4756-928D-34153FD55CC6}.Debug|x86.ActiveCfg = Debug|Any CPU
		{0DE960AA-316F-4756-928D-34153FD55CC6}.Debug|x86.Build.0 = Debug|Any CPU
		{0DE960AA-316F-4756-928D-34153FD55CC6}.Release|Any CPU.ActiveCfg = Release|Any CPU
		{0DE960AA-316F-4756-928D-34153FD55CC6}.Release|Any CPU.Build.0 = Release|Any CPU
		{0DE960AA-316F-4756-928D-34153FD55CC6}.Release|x64.ActiveCfg = Release|Any CPU
		{0DE960AA-316F-4756-928D-34153FD55CC6}.Release|x64.Build.0 = Release|Any CPU
		{0DE960AA-316F-4756-928D-34153FD55CC6}.Release|x86.ActiveCfg = Release|Any CPU
		{0DE960AA-316F-4756-928D-34153FD55CC6}.Release|x86.Build.0 = Release|Any CPU
		{CF3762D6-C680-4656-8881-16D32A264442}.Debug|Any CPU.ActiveCfg = Debug|Any CPU
		{CF3762D6-C680-4656-8881-16D32A264442}.Debug|Any CPU.Build.0 = Debug|Any CPU
		{CF3762D6-C680-4656-8881-16D32A264442}.Debug|x64.ActiveCfg = Debug|Any CPU
		{CF3762D6-C680-4656-8881-16D32A264442}.Debug|x64.Build.0 = Debug|Any CPU
		{CF3762D6-C680-4656-8881-16D32A264442}.Debug|x86.ActiveCfg = Debug|Any CPU
		{CF3762D6-C680-4656-8881-16D32A264442}.Debug|x86.Build.0 = Debug|Any CPU
		{CF3762D6-C680-4656-8881-16D32A264442}.Release|Any CPU.ActiveCfg = Release|Any CPU
		{CF3762D6-C680-4656-8881-16D32A264442}.Release|Any CPU.Build.0 = Release|Any CPU
		{CF3762D6-C680-4656-8881-16D32A264442}.Release|x64.ActiveCfg = Release|Any CPU
		{CF3762D6-C680-4656-8881-16D32A264442}.Release|x64.Build.0 = Release|Any CPU
		{CF3762D6-C680-4656-8881-16D32A264442}.Release|x86.ActiveCfg = Release|Any CPU
		{CF3762D6-C680-4656-8881-16D32A264442}.Release|x86.Build.0 = Release|Any CPU
		{D5C0B3AA-2AD7-477B-AF82-473DF615B84F}.Debug|Any CPU.ActiveCfg = Debug|Any CPU
		{D5C0B3AA-2AD7-477B-AF82-473DF615B84F}.Debug|Any CPU.Build.0 = Debug|Any CPU
		{D5C0B3AA-2AD7-477B-AF82-473DF615B84F}.Debug|x64.ActiveCfg = Debug|Any CPU
		{D5C0B3AA-2AD7-477B-AF82-473DF615B84F}.Debug|x64.Build.0 = Debug|Any CPU
		{D5C0B3AA-2AD7-477B-AF82-473DF615B84F}.Debug|x86.ActiveCfg = Debug|Any CPU
		{D5C0B3AA-2AD7-477B-AF82-473DF615B84F}.Debug|x86.Build.0 = Debug|Any CPU
		{D5C0B3AA-2AD7-477B-AF82-473DF615B84F}.Release|Any CPU.ActiveCfg = Release|Any CPU
		{D5C0B3AA-2AD7-477B-AF82-473DF615B84F}.Release|Any CPU.Build.0 = Release|Any CPU
		{D5C0B3AA-2AD7-477B-AF82-473DF615B84F}.Release|x64.ActiveCfg = Release|Any CPU
		{D5C0B3AA-2AD7-477B-AF82-473DF615B84F}.Release|x64.Build.0 = Release|Any CPU
		{D5C0B3AA-2AD7-477B-AF82-473DF615B84F}.Release|x86.ActiveCfg = Release|Any CPU
		{D5C0B3AA-2AD7-477B-AF82-473DF615B84F}.Release|x86.Build.0 = Release|Any CPU
		{00953EB5-4381-479A-8C96-4F3277AD1A1E}.Debug|Any CPU.ActiveCfg = Debug|Any CPU
		{00953EB5-4381-479A-8C96-4F3277AD1A1E}.Debug|Any CPU.Build.0 = Debug|Any CPU
		{00953EB5-4381-479A-8C96-4F3277AD1A1E}.Debug|x64.ActiveCfg = Debug|Any CPU
		{00953EB5-4381-479A-8C96-4F3277AD1A1E}.Debug|x64.Build.0 = Debug|Any CPU
		{00953EB5-4381-479A-8C96-4F3277AD1A1E}.Debug|x86.ActiveCfg = Debug|Any CPU
		{00953EB5-4381-479A-8C96-4F3277AD1A1E}.Debug|x86.Build.0 = Debug|Any CPU
		{00953EB5-4381-479A-8C96-4F3277AD1A1E}.Release|Any CPU.ActiveCfg = Release|Any CPU
		{00953EB5-4381-479A-8C96-4F3277AD1A1E}.Release|Any CPU.Build.0 = Release|Any CPU
		{00953EB5-4381-479A-8C96-4F3277AD1A1E}.Release|x64.ActiveCfg = Release|Any CPU
		{00953EB5-4381-479A-8C96-4F3277AD1A1E}.Release|x64.Build.0 = Release|Any CPU
		{00953EB5-4381-479A-8C96-4F3277AD1A1E}.Release|x86.ActiveCfg = Release|Any CPU
		{00953EB5-4381-479A-8C96-4F3277AD1A1E}.Release|x86.Build.0 = Release|Any CPU
		{E1ECC0A2-F385-454A-88FA-93A31C2FD549}.Debug|Any CPU.ActiveCfg = Debug|Any CPU
		{E1ECC0A2-F385-454A-88FA-93A31C2FD549}.Debug|Any CPU.Build.0 = Debug|Any CPU
		{E1ECC0A2-F385-454A-88FA-93A31C2FD549}.Debug|x64.ActiveCfg = Debug|Any CPU
		{E1ECC0A2-F385-454A-88FA-93A31C2FD549}.Debug|x64.Build.0 = Debug|Any CPU
		{E1ECC0A2-F385-454A-88FA-93A31C2FD549}.Debug|x86.ActiveCfg = Debug|Any CPU
		{E1ECC0A2-F385-454A-88FA-93A31C2FD549}.Debug|x86.Build.0 = Debug|Any CPU
		{E1ECC0A2-F385-454A-88FA-93A31C2FD549}.Release|Any CPU.ActiveCfg = Release|Any CPU
		{E1ECC0A2-F385-454A-88FA-93A31C2FD549}.Release|Any CPU.Build.0 = Release|Any CPU
		{E1ECC0A2-F385-454A-88FA-93A31C2FD549}.Release|x64.ActiveCfg = Release|Any CPU
		{E1ECC0A2-F385-454A-88FA-93A31C2FD549}.Release|x64.Build.0 = Release|Any CPU
		{E1ECC0A2-F385-454A-88FA-93A31C2FD549}.Release|x86.ActiveCfg = Release|Any CPU
		{E1ECC0A2-F385-454A-88FA-93A31C2FD549}.Release|x86.Build.0 = Release|Any CPU
		{D5CDC51C-FEE8-43B5-9F0D-F315E97DF021}.Debug|Any CPU.ActiveCfg = Debug|Any CPU
		{D5CDC51C-FEE8-43B5-9F0D-F315E97DF021}.Debug|Any CPU.Build.0 = Debug|Any CPU
		{D5CDC51C-FEE8-43B5-9F0D-F315E97DF021}.Debug|x64.ActiveCfg = Debug|Any CPU
		{D5CDC51C-FEE8-43B5-9F0D-F315E97DF021}.Debug|x64.Build.0 = Debug|Any CPU
		{D5CDC51C-FEE8-43B5-9F0D-F315E97DF021}.Debug|x86.ActiveCfg = Debug|Any CPU
		{D5CDC51C-FEE8-43B5-9F0D-F315E97DF021}.Debug|x86.Build.0 = Debug|Any CPU
		{D5CDC51C-FEE8-43B5-9F0D-F315E97DF021}.Release|Any CPU.ActiveCfg = Release|Any CPU
		{D5CDC51C-FEE8-43B5-9F0D-F315E97DF021}.Release|Any CPU.Build.0 = Release|Any CPU
		{D5CDC51C-FEE8-43B5-9F0D-F315E97DF021}.Release|x64.ActiveCfg = Release|Any CPU
		{D5CDC51C-FEE8-43B5-9F0D-F315E97DF021}.Release|x64.Build.0 = Release|Any CPU
		{D5CDC51C-FEE8-43B5-9F0D-F315E97DF021}.Release|x86.ActiveCfg = Release|Any CPU
		{D5CDC51C-FEE8-43B5-9F0D-F315E97DF021}.Release|x86.Build.0 = Release|Any CPU
		{345D57E0-4786-4E71-98FF-CFEA268EF801}.Debug|Any CPU.ActiveCfg = Debug|Any CPU
		{345D57E0-4786-4E71-98FF-CFEA268EF801}.Debug|Any CPU.Build.0 = Debug|Any CPU
		{345D57E0-4786-4E71-98FF-CFEA268EF801}.Debug|x64.ActiveCfg = Debug|Any CPU
		{345D57E0-4786-4E71-98FF-CFEA268EF801}.Debug|x64.Build.0 = Debug|Any CPU
		{345D57E0-4786-4E71-98FF-CFEA268EF801}.Debug|x86.ActiveCfg = Debug|Any CPU
		{345D57E0-4786-4E71-98FF-CFEA268EF801}.Debug|x86.Build.0 = Debug|Any CPU
		{345D57E0-4786-4E71-98FF-CFEA268EF801}.Release|Any CPU.ActiveCfg = Release|Any CPU
		{345D57E0-4786-4E71-98FF-CFEA268EF801}.Release|Any CPU.Build.0 = Release|Any CPU
		{345D57E0-4786-4E71-98FF-CFEA268EF801}.Release|x64.ActiveCfg = Release|Any CPU
		{345D57E0-4786-4E71-98FF-CFEA268EF801}.Release|x64.Build.0 = Release|Any CPU
		{345D57E0-4786-4E71-98FF-CFEA268EF801}.Release|x86.ActiveCfg = Release|Any CPU
		{345D57E0-4786-4E71-98FF-CFEA268EF801}.Release|x86.Build.0 = Release|Any CPU
		{BE9C6D64-3FCF-4DD1-97A9-C415EE749A92}.Debug|Any CPU.ActiveCfg = Debug|Any CPU
		{BE9C6D64-3FCF-4DD1-97A9-C415EE749A92}.Debug|Any CPU.Build.0 = Debug|Any CPU
		{BE9C6D64-3FCF-4DD1-97A9-C415EE749A92}.Debug|x64.ActiveCfg = Debug|Any CPU
		{BE9C6D64-3FCF-4DD1-97A9-C415EE749A92}.Debug|x64.Build.0 = Debug|Any CPU
		{BE9C6D64-3FCF-4DD1-97A9-C415EE749A92}.Debug|x86.ActiveCfg = Debug|Any CPU
		{BE9C6D64-3FCF-4DD1-97A9-C415EE749A92}.Debug|x86.Build.0 = Debug|Any CPU
		{BE9C6D64-3FCF-4DD1-97A9-C415EE749A92}.Release|Any CPU.ActiveCfg = Release|Any CPU
		{BE9C6D64-3FCF-4DD1-97A9-C415EE749A92}.Release|Any CPU.Build.0 = Release|Any CPU
		{BE9C6D64-3FCF-4DD1-97A9-C415EE749A92}.Release|x64.ActiveCfg = Release|Any CPU
		{BE9C6D64-3FCF-4DD1-97A9-C415EE749A92}.Release|x64.Build.0 = Release|Any CPU
		{BE9C6D64-3FCF-4DD1-97A9-C415EE749A92}.Release|x86.ActiveCfg = Release|Any CPU
		{BE9C6D64-3FCF-4DD1-97A9-C415EE749A92}.Release|x86.Build.0 = Release|Any CPU
	EndGlobalSection
	GlobalSection(SolutionProperties) = preSolution
		HideSolutionNode = FALSE
	EndGlobalSection
	GlobalSection(NestedProjects) = preSolution
		{5E3A5F5A-6AF6-47C5-8A8F-368C62B50C7A} = {00EC6650-B04E-3BF0-7B46-ADD3FA2830F1}
	EndGlobalSection
	GlobalSection(ExtensibilityGlobals) = postSolution
		SolutionGuid = {FB08C7AD-AACD-41BB-ACE5-8FD5F16DA973}
	EndGlobalSection
EndGlobal
